// !$*UTF8*$!
{
	archiveVersion = 1;
	classes = {
	};
	objectVersion = 46;
	objects = {

/* Begin PBXBuildFile section */
		ED0683FE1E5862D60015B48C /* AppDelegate.swift in Sources */ = {isa = PBXBuildFile; fileRef = ED0683FD1E5862D60015B48C /* AppDelegate.swift */; };
		ED0684001E5862D60015B48C /* ViewController.swift in Sources */ = {isa = PBXBuildFile; fileRef = ED0683FF1E5862D60015B48C /* ViewController.swift */; };
		ED0684031E5862D70015B48C /* Main.storyboard in Resources */ = {isa = PBXBuildFile; fileRef = ED0684011E5862D70015B48C /* Main.storyboard */; };
		ED0684051E5862D70015B48C /* Assets.xcassets in Resources */ = {isa = PBXBuildFile; fileRef = ED0684041E5862D70015B48C /* Assets.xcassets */; };
		ED0684081E5862D70015B48C /* LaunchScreen.storyboard in Resources */ = {isa = PBXBuildFile; fileRef = ED0684061E5862D70015B48C /* LaunchScreen.storyboard */; };
		ED0684101E587A8B0015B48C /* CollectionViewController.swift in Sources */ = {isa = PBXBuildFile; fileRef = ED06840F1E587A8B0015B48C /* CollectionViewController.swift */; };
		ED0684121E587AC00015B48C /* TableViewController.swift in Sources */ = {isa = PBXBuildFile; fileRef = ED0684111E587AC00015B48C /* TableViewController.swift */; };
		ED0684141E587C2D0015B48C /* OtherCollectionViewController.swift in Sources */ = {isa = PBXBuildFile; fileRef = ED0684131E587C2D0015B48C /* OtherCollectionViewController.swift */; };
		ED0684161E58C15F0015B48C /* AdaptiveViewController.swift in Sources */ = {isa = PBXBuildFile; fileRef = ED0684151E58C15F0015B48C /* AdaptiveViewController.swift */; };
/* End PBXBuildFile section */

/* Begin PBXFileReference section */
		ED0683FA1E5862D60015B48C /* AdaptiveLayoutDemo.app */ = {isa = PBXFileReference; explicitFileType = wrapper.application; includeInIndex = 0; path = AdaptiveLayoutDemo.app; sourceTree = BUILT_PRODUCTS_DIR; };
		ED0683FD1E5862D60015B48C /* AppDelegate.swift */ = {isa = PBXFileReference; lastKnownFileType = sourcecode.swift; path = AppDelegate.swift; sourceTree = "<group>"; };
		ED0683FF1E5862D60015B48C /* ViewController.swift */ = {isa = PBXFileReference; lastKnownFileType = sourcecode.swift; path = ViewController.swift; sourceTree = "<group>"; };
		ED0684021E5862D70015B48C /* Base */ = {isa = PBXFileReference; lastKnownFileType = file.storyboard; name = Base; path = Base.lproj/Main.storyboard; sourceTree = "<group>"; };
		ED0684041E5862D70015B48C /* Assets.xcassets */ = {isa = PBXFileReference; lastKnownFileType = folder.assetcatalog; path = Assets.xcassets; sourceTree = "<group>"; };
		ED0684071E5862D70015B48C /* Base */ = {isa = PBXFileReference; lastKnownFileType = file.storyboard; name = Base; path = Base.lproj/LaunchScreen.storyboard; sourceTree = "<group>"; };
		ED0684091E5862D70015B48C /* Info.plist */ = {isa = PBXFileReference; lastKnownFileType = text.plist.xml; path = Info.plist; sourceTree = "<group>"; };
		ED06840F1E587A8B0015B48C /* CollectionViewController.swift */ = {isa = PBXFileReference; fileEncoding = 4; lastKnownFileType = sourcecode.swift; path = CollectionViewController.swift; sourceTree = "<group>"; };
		ED0684111E587AC00015B48C /* TableViewController.swift */ = {isa = PBXFileReference; fileEncoding = 4; lastKnownFileType = sourcecode.swift; path = TableViewController.swift; sourceTree = "<group>"; };
		ED0684131E587C2D0015B48C /* OtherCollectionViewController.swift */ = {isa = PBXFileReference; fileEncoding = 4; lastKnownFileType = sourcecode.swift; path = OtherCollectionViewController.swift; sourceTree = "<group>"; };
		ED0684151E58C15F0015B48C /* AdaptiveViewController.swift */ = {isa = PBXFileReference; fileEncoding = 4; lastKnownFileType = sourcecode.swift; path = AdaptiveViewController.swift; sourceTree = "<group>"; };
/* End PBXFileReference section */

/* Begin PBXFrameworksBuildPhase section */
		ED0683F71E5862D20015B48C /* Frameworks */ = {
			isa = PBXFrameworksBuildPhase;
			buildActionMask = 2147483647;
			files = (
			);
			runOnlyForDeploymentPostprocessing = 0;
		};
/* End PBXFrameworksBuildPhase section */

/* Begin PBXGroup section */
		ED0683F11E5862D20015B48C = {
			isa = PBXGroup;
			children = (
				ED0683FC1E5862D60015B48C /* AdapiveLayoutTest */,
				ED0683FB1E5862D60015B48C /* Products */,
			);
			sourceTree = "<group>";
		};
		ED0683FB1E5862D60015B48C /* Products */ = {
			isa = PBXGroup;
			children = (
				ED0683FA1E5862D60015B48C /* AdaptiveLayoutDemo.app */,
			);
			name = Products;
			sourceTree = "<group>";
		};
		ED0683FC1E5862D60015B48C /* AdapiveLayoutTest */ = {
			isa = PBXGroup;
			children = (
				ED0683FD1E5862D60015B48C /* AppDelegate.swift */,
				ED0683FF1E5862D60015B48C /* ViewController.swift */,
				ED0684151E58C15F0015B48C /* AdaptiveViewController.swift */,
				ED06840F1E587A8B0015B48C /* CollectionViewController.swift */,
				ED0684131E587C2D0015B48C /* OtherCollectionViewController.swift */,
				ED0684111E587AC00015B48C /* TableViewController.swift */,
				ED0684011E5862D70015B48C /* Main.storyboard */,
				ED0684041E5862D70015B48C /* Assets.xcassets */,
				ED0684061E5862D70015B48C /* LaunchScreen.storyboard */,
				ED0684091E5862D70015B48C /* Info.plist */,
			);
			path = AdapiveLayoutTest;
			sourceTree = "<group>";
		};
/* End PBXGroup section */

/* Begin PBXNativeTarget section */
		ED0683F91E5862D20015B48C /* AdaptiveLayoutDemo */ = {
			isa = PBXNativeTarget;
			buildConfigurationList = ED06840C1E5862D70015B48C /* Build configuration list for PBXNativeTarget "AdaptiveLayoutDemo" */;
			buildPhases = (
				ED0683F61E5862D20015B48C /* Sources */,
				ED0683F71E5862D20015B48C /* Frameworks */,
				ED0683F81E5862D20015B48C /* Resources */,
			);
			buildRules = (
			);
			dependencies = (
			);
			name = AdaptiveLayoutDemo;
			productName = AdapiveLayoutTest;
			productReference = ED0683FA1E5862D60015B48C /* AdaptiveLayoutDemo.app */;
			productType = "com.apple.product-type.application";
		};
/* End PBXNativeTarget section */

/* Begin PBXProject section */
		ED0683F21E5862D20015B48C /* Project object */ = {
			isa = PBXProject;
			attributes = {
				LastSwiftUpdateCheck = 0820;
				LastUpgradeCheck = 0820;
				ORGANIZATIONNAME = "David Crooks";
				TargetAttributes = {
					ED0683F91E5862D20015B48C = {
						CreatedOnToolsVersion = 8.2.1;
						DevelopmentTeam = 84Y3R5UC5Q;
						ProvisioningStyle = Automatic;
					};
				};
			};
			buildConfigurationList = ED0683F51E5862D20015B48C /* Build configuration list for PBXProject "AdaptiveLayoutDemo" */;
			compatibilityVersion = "Xcode 3.2";
			developmentRegion = English;
			hasScannedForEncodings = 0;
			knownRegions = (
				en,
				Base,
			);
			mainGroup = ED0683F11E5862D20015B48C;
			productRefGroup = ED0683FB1E5862D60015B48C /* Products */;
			projectDirPath = "";
			projectRoot = "";
			targets = (
				ED0683F91E5862D20015B48C /* AdaptiveLayoutDemo */,
			);
		};
/* End PBXProject section */

/* Begin PBXResourcesBuildPhase section */
		ED0683F81E5862D20015B48C /* Resources */ = {
			isa = PBXResourcesBuildPhase;
			buildActionMask = 2147483647;
			files = (
				ED0684081E5862D70015B48C /* LaunchScreen.storyboard in Resources */,
				ED0684051E5862D70015B48C /* Assets.xcassets in Resources */,
				ED0684031E5862D70015B48C /* Main.storyboard in Resources */,
			);
			runOnlyForDeploymentPostprocessing = 0;
		};
/* End PBXResourcesBuildPhase section */

/* Begin PBXSourcesBuildPhase section */
		ED0683F61E5862D20015B48C /* Sources */ = {
			isa = PBXSourcesBuildPhase;
			buildActionMask = 2147483647;
			files = (
				ED0684101E587A8B0015B48C /* CollectionViewController.swift in Sources */,
				ED0684141E587C2D0015B48C /* OtherCollectionViewController.swift in Sources */,
				ED0684001E5862D60015B48C /* ViewController.swift in Sources */,
				ED0683FE1E5862D60015B48C /* AppDelegate.swift in Sources */,
				ED0684161E58C15F0015B48C /* AdaptiveViewController.swift in Sources */,
				ED0684121E587AC00015B48C /* TableViewController.swift in Sources */,
			);
			runOnlyForDeploymentPostprocessing = 0;
		};
/* End PBXSourcesBuildPhase section */

/* Begin PBXVariantGroup section */
		ED0684011E5862D70015B48C /* Main.storyboard */ = {
			isa = PBXVariantGroup;
			children = (
				ED0684021E5862D70015B48C /* Base */,
			);
			name = Main.storyboard;
			sourceTree = "<group>";
		};
		ED0684061E5862D70015B48C /* LaunchScreen.storyboard */ = {
			isa = PBXVariantGroup;
			children = (
				ED0684071E5862D70015B48C /* Base */,
			);
			name = LaunchScreen.storyboard;
			sourceTree = "<group>";
		};
/* End PBXVariantGroup section */

/* Begin XCBuildConfiguration section */
		ED06840A1E5862D70015B48C /* Debug */ = {
			isa = XCBuildConfiguration;
			buildSettings = {
				ALWAYS_SEARCH_USER_PATHS = NO;
				CLANG_ANALYZER_NONNULL = YES;
				CLANG_CXX_LANGUAGE_STANDARD = "gnu++0x";
				CLANG_CXX_LIBRARY = "libc++";
				CLANG_ENABLE_MODULES = YES;
				CLANG_ENABLE_OBJC_ARC = YES;
				CLANG_WARN_BOOL_CONVERSION = YES;
				CLANG_WARN_CONSTANT_CONVERSION = YES;
				CLANG_WARN_DIRECT_OBJC_ISA_USAGE = YES_ERROR;
				CLANG_WARN_DOCUMENTATION_COMMENTS = YES;
				CLANG_WARN_EMPTY_BODY = YES;
				CLANG_WARN_ENUM_CONVERSION = YES;
				CLANG_WARN_INFINITE_RECURSION = YES;
				CLANG_WARN_INT_CONVERSION = YES;
				CLANG_WARN_OBJC_ROOT_CLASS = YES_ERROR;
				CLANG_WARN_SUSPICIOUS_MOVE = YES;
				CLANG_WARN_UNREACHABLE_CODE = YES;
				CLANG_WARN__DUPLICATE_METHOD_MATCH = YES;
				"CODE_SIGN_IDENTITY[sdk=iphoneos*]" = "iPhone Developer";
				COPY_PHASE_STRIP = NO;
				DEBUG_INFORMATION_FORMAT = dwarf;
				ENABLE_STRICT_OBJC_MSGSEND = YES;
				ENABLE_TESTABILITY = YES;
				GCC_C_LANGUAGE_STANDARD = gnu99;
				GCC_DYNAMIC_NO_PIC = NO;
				GCC_NO_COMMON_BLOCKS = YES;
				GCC_OPTIMIZATION_LEVEL = 0;
				GCC_PREPROCESSOR_DEFINITIONS = (
					"DEBUG=1",
					"$(inherited)",
				);
				GCC_WARN_64_TO_32_BIT_CONVERSION = YES;
				GCC_WARN_ABOUT_RETURN_TYPE = YES_ERROR;
				GCC_WARN_UNDECLARED_SELECTOR = YES;
				GCC_WARN_UNINITIALIZED_AUTOS = YES_AGGRESSIVE;
				GCC_WARN_UNUSED_FUNCTION = YES;
				GCC_WARN_UNUSED_VARIABLE = YES;
				IPHONEOS_DEPLOYMENT_TARGET = 10.2;
				MTL_ENABLE_DEBUG_INFO = YES;
				ONLY_ACTIVE_ARCH = YES;
				SDKROOT = iphoneos;
				SWIFT_ACTIVE_COMPILATION_CONDITIONS = DEBUG;
				SWIFT_OPTIMIZATION_LEVEL = "-Onone";
				TARGETED_DEVICE_FAMILY = "1,2";
			};
			name = Debug;
		};
		ED06840B1E5862D70015B48C /* Release */ = {
			isa = XCBuildConfiguration;
			buildSettings = {
				ALWAYS_SEARCH_USER_PATHS = NO;
				CLANG_ANALYZER_NONNULL = YES;
				CLANG_CXX_LANGUAGE_STANDARD = "gnu++0x";
				CLANG_CXX_LIBRARY = "libc++";
				CLANG_ENABLE_MODULES = YES;
				CLANG_ENABLE_OBJC_ARC = YES;
				CLANG_WARN_BOOL_CONVERSION = YES;
				CLANG_WARN_CONSTANT_CONVERSION = YES;
				CLANG_WARN_DIRECT_OBJC_ISA_USAGE = YES_ERROR;
				CLANG_WARN_DOCUMENTATION_COMMENTS = YES;
				CLANG_WARN_EMPTY_BODY = YES;
				CLANG_WARN_ENUM_CONVERSION = YES;
				CLANG_WARN_INFINITE_RECURSION = YES;
				CLANG_WARN_INT_CONVERSION = YES;
				CLANG_WARN_OBJC_ROOT_CLASS = YES_ERROR;
				CLANG_WARN_SUSPICIOUS_MOVE = YES;
				CLANG_WARN_UNREACHABLE_CODE = YES;
				CLANG_WARN__DUPLICATE_METHOD_MATCH = YES;
				"CODE_SIGN_IDENTITY[sdk=iphoneos*]" = "iPhone Developer";
				COPY_PHASE_STRIP = NO;
				DEBUG_INFORMATION_FORMAT = "dwarf-with-dsym";
				ENABLE_NS_ASSERTIONS = NO;
				ENABLE_STRICT_OBJC_MSGSEND = YES;
				GCC_C_LANGUAGE_STANDARD = gnu99;
				GCC_NO_COMMON_BLOCKS = YES;
				GCC_WARN_64_TO_32_BIT_CONVERSION = YES;
				GCC_WARN_ABOUT_RETURN_TYPE = YES_ERROR;
				GCC_WARN_UNDECLARED_SELECTOR = YES;
				GCC_WARN_UNINITIALIZED_AUTOS = YES_AGGRESSIVE;
				GCC_WARN_UNUSED_FUNCTION = YES;
				GCC_WARN_UNUSED_VARIABLE = YES;
				IPHONEOS_DEPLOYMENT_TARGET = 10.2;
				MTL_ENABLE_DEBUG_INFO = NO;
				SDKROOT = iphoneos;
				SWIFT_OPTIMIZATION_LEVEL = "-Owholemodule";
				TARGETED_DEVICE_FAMILY = "1,2";
				VALIDATE_PRODUCT = YES;
			};
			name = Release;
		};
		ED06840D1E5862D70015B48C /* Debug */ = {
			isa = XCBuildConfiguration;
			buildSettings = {
				ASSETCATALOG_COMPILER_APPICON_NAME = AppIcon;
				DEVELOPMENT_TEAM = 84Y3R5UC5Q;
				INFOPLIST_FILE = AdapiveLayoutTest/Info.plist;
				LD_RUNPATH_SEARCH_PATHS = "$(inherited) @executable_path/Frameworks";
				PRODUCT_BUNDLE_IDENTIFIER = DavidCrooks.AdaptiveLayoutDemo;
				PRODUCT_NAME = "$(TARGET_NAME)";
				SWIFT_VERSION = 3.0;
			};
			name = Debug;
		};
		ED06840E1E5862D70015B48C /* Release */ = {
			isa = XCBuildConfiguration;
			buildSettings = {
				ASSETCATALOG_COMPILER_APPICON_NAME = AppIcon;
				DEVELOPMENT_TEAM = 84Y3R5UC5Q;
				INFOPLIST_FILE = AdapiveLayoutTest/Info.plist;
				LD_RUNPATH_SEARCH_PATHS = "$(inherited) @executable_path/Frameworks";
				PRODUCT_BUNDLE_IDENTIFIER = DavidCrooks.AdaptiveLayoutDemo;
				PRODUCT_NAME = "$(TARGET_NAME)";
				SWIFT_VERSION = 3.0;
			};
			name = Release;
		};
/* End XCBuildConfiguration section */

/* Begin XCConfigurationList section */
		ED0683F51E5862D20015B48C /* Build configuration list for PBXProject "AdaptiveLayoutDemo" */ = {
			isa = XCConfigurationList;
			buildConfigurations = (
				ED06840A1E5862D70015B48C /* Debug */,
				ED06840B1E5862D70015B48C /* Release */,
			);
			defaultConfigurationIsVisible = 0;
			defaultConfigurationName = Release;
		};
		ED06840C1E5862D70015B48C /* Build configuration list for PBXNativeTarget "AdaptiveLayoutDemo" */ = {
			isa = XCConfigurationList;
			buildConfigurations = (
				ED06840D1E5862D70015B48C /* Debug */,
				ED06840E1E5862D70015B48C /* Release */,
			);
			defaultConfigurationIsVisible = 0;
		};
/* End XCConfigurationList section */
	};
	rootObject = ED0683F21E5862D20015B48C /* Project object */;
}
